{
  "name": "allwaves-site",
  "version": "0.1.0",
  "lockfileVersion": 3,
  "requires": true,
  "packages": {
    "": {
      "name": "allwaves-site",
      "version": "0.1.0",
      "dependencies": {
        "dockview-core": "^4.13.1"
      }
    },
    "node_modules/dockview-core": {
      "version": "4.13.1",
      "resolved": "https://registry.npmjs.org/dockview-core/-/dockview-core-4.13.1.tgz",
      "integrity": "sha512-+7vR0ZEoL8CNck6NqDVUMqBT22niwBu5CMMI137dZ3c8NDc7c5Si+3dGEqQgM4lNtHBLAtvypo1C4p21J2wkiQ==",
      "license": "MIT"
    }
  }
}
